// !$*UTF8*$!
{
	archiveVersion = 1;
	classes = {
	};
	objectVersion = 46;
	objects = {

/* Begin PBXBuildFile section */
		190D03BE1DCC4E0D00C98E0C /* main.m in Sources */ = {isa = PBXBuildFile; fileRef = 190D03BD1DCC4E0D00C98E0C /* main.m */; };
		190D03E31DCC6EF800C98E0C /* AppDelegate.m in Sources */ = {isa = PBXBuildFile; fileRef = 190D03D91DCC6EF800C98E0C /* AppDelegate.m */; };
		190D03E41DCC6EF800C98E0C /* LaunchScreen.storyboard in Resources */ = {isa = PBXBuildFile; fileRef = 190D03DC1DCC6EF800C98E0C /* LaunchScreen.storyboard */; };
		190D03E51DCC6EF800C98E0C /* Main.storyboard in Resources */ = {isa = PBXBuildFile; fileRef = 190D03DE1DCC6EF800C98E0C /* Main.storyboard */; };
		190D03E61DCC6EF800C98E0C /* ViewController.m in Sources */ = {isa = PBXBuildFile; fileRef = 190D03E21DCC6EF800C98E0C /* ViewController.m */; };
		190D03E81DCC6F4A00C98E0C /* Assets.xcassets in Resources */ = {isa = PBXBuildFile; fileRef = 190D03E71DCC6F4A00C98E0C /* Assets.xcassets */; };
/* End PBXBuildFile section */

/* Begin PBXFileReference section */
		190D03B91DCC4E0D00C98E0C /* LocalNotificationExampleiOS10.app */ = {isa = PBXFileReference; explicitFileType = wrapper.application; includeInIndex = 0; path = LocalNotificationExampleiOS10.app; sourceTree = BUILT_PRODUCTS_DIR; };
		190D03BD1DCC4E0D00C98E0C /* main.m */ = {isa = PBXFileReference; lastKnownFileType = sourcecode.c.objc; path = main.m; sourceTree = "<group>"; };
		190D03CD1DCC4E0E00C98E0C /* Info.plist */ = {isa = PBXFileReference; lastKnownFileType = text.plist.xml; path = Info.plist; sourceTree = "<group>"; };
		190D03D81DCC6EF800C98E0C /* AppDelegate.h */ = {isa = PBXFileReference; fileEncoding = 4; lastKnownFileType = sourcecode.c.h; path = AppDelegate.h; sourceTree = "<group>"; };
		190D03D91DCC6EF800C98E0C /* AppDelegate.m */ = {isa = PBXFileReference; fileEncoding = 4; lastKnownFileType = sourcecode.c.objc; path = AppDelegate.m; sourceTree = "<group>"; };
		190D03DD1DCC6EF800C98E0C /* Base */ = {isa = PBXFileReference; lastKnownFileType = file.storyboard; name = Base; path = Base.lproj/LaunchScreen.storyboard; sourceTree = "<group>"; };
		190D03DF1DCC6EF800C98E0C /* Base */ = {isa = PBXFileReference; lastKnownFileType = file.storyboard; name = Base; path = Base.lproj/Main.storyboard; sourceTree = "<group>"; };
		190D03E11DCC6EF800C98E0C /* ViewController.h */ = {isa = PBXFileReference; fileEncoding = 4; lastKnownFileType = sourcecode.c.h; path = ViewController.h; sourceTree = "<group>"; };
		190D03E21DCC6EF800C98E0C /* ViewController.m */ = {isa = PBXFileReference; fileEncoding = 4; lastKnownFileType = sourcecode.c.objc; path = ViewController.m; sourceTree = "<group>"; };
		190D03E71DCC6F4A00C98E0C /* Assets.xcassets */ = {isa = PBXFileReference; lastKnownFileType = folder.assetcatalog; path = Assets.xcassets; sourceTree = "<group>"; };
/* End PBXFileReference section */

/* Begin PBXFrameworksBuildPhase section */
		190D03B61DCC4E0D00C98E0C /* Frameworks */ = {
			isa = PBXFrameworksBuildPhase;
			buildActionMask = 2147483647;
			files = (
			);
			runOnlyForDeploymentPostprocessing = 0;
		};
/* End PBXFrameworksBuildPhase section */

/* Begin PBXGroup section */
		190D03B01DCC4E0D00C98E0C = {
			isa = PBXGroup;
			children = (
				190D03BB1DCC4E0D00C98E0C /* LocalNotificationExampleiOS10 */,
				190D03BA1DCC4E0D00C98E0C /* Products */,
			);
			sourceTree = "<group>";
		};
		190D03BA1DCC4E0D00C98E0C /* Products */ = {
			isa = PBXGroup;
			children = (
				190D03B91DCC4E0D00C98E0C /* LocalNotificationExampleiOS10.app */,
			);
			name = Products;
			sourceTree = "<group>";
		};
		190D03BB1DCC4E0D00C98E0C /* LocalNotificationExampleiOS10 */ = {
			isa = PBXGroup;
			children = (
				190D03D71DCC6EF800C98E0C /* AppDelegate */,
				190D03DA1DCC6EF800C98E0C /* Assets */,
				190D03DB1DCC6EF800C98E0C /* StoryBoard */,
				190D03E01DCC6EF800C98E0C /* ViewControllers */,
				190D03CD1DCC4E0E00C98E0C /* Info.plist */,
				190D03BC1DCC4E0D00C98E0C /* Supporting Files */,
			);
			path = LocalNotificationExampleiOS10;
			sourceTree = "<group>";
		};
		190D03BC1DCC4E0D00C98E0C /* Supporting Files */ = {
			isa = PBXGroup;
			children = (
				190D03BD1DCC4E0D00C98E0C /* main.m */,
			);
			name = "Supporting Files";
			sourceTree = "<group>";
		};
		190D03D71DCC6EF800C98E0C /* AppDelegate */ = {
			isa = PBXGroup;
			children = (
				190D03D81DCC6EF800C98E0C /* AppDelegate.h */,
				190D03D91DCC6EF800C98E0C /* AppDelegate.m */,
			);
			path = AppDelegate;
			sourceTree = "<group>";
		};
		190D03DA1DCC6EF800C98E0C /* Assets */ = {
			isa = PBXGroup;
			children = (
				190D03E71DCC6F4A00C98E0C /* Assets.xcassets */,
			);
			path = Assets;
			sourceTree = "<group>";
		};
		190D03DB1DCC6EF800C98E0C /* StoryBoard */ = {
			isa = PBXGroup;
			children = (
				190D03DC1DCC6EF800C98E0C /* LaunchScreen.storyboard */,
				190D03DE1DCC6EF800C98E0C /* Main.storyboard */,
			);
			path = StoryBoard;
			sourceTree = "<group>";
		};
		190D03E01DCC6EF800C98E0C /* ViewControllers */ = {
			isa = PBXGroup;
			children = (
				190D03E11DCC6EF800C98E0C /* ViewController.h */,
				190D03E21DCC6EF800C98E0C /* ViewController.m */,
			);
			path = ViewControllers;
			sourceTree = "<group>";
		};
/* End PBXGroup section */

/* Begin PBXNativeTarget section */
		190D03B81DCC4E0D00C98E0C /* LocalNotificationExampleiOS10 */ = {
			isa = PBXNativeTarget;
			buildConfigurationList = 190D03D01DCC4E0E00C98E0C /* Build configuration list for PBXNativeTarget "LocalNotificationExampleiOS10" */;
			buildPhases = (
				190D03B51DCC4E0D00C98E0C /* Sources */,
				190D03B61DCC4E0D00C98E0C /* Frameworks */,
				190D03B71DCC4E0D00C98E0C /* Resources */,
			);
			buildRules = (
			);
			dependencies = (
			);
			name = LocalNotificationExampleiOS10;
			productName = LocalNotificationExampleiOS10;
			productReference = 190D03B91DCC4E0D00C98E0C /* LocalNotificationExampleiOS10.app */;
			productType = "com.apple.product-type.application";
		};
/* End PBXNativeTarget section */

/* Begin PBXProject section */
		190D03B11DCC4E0D00C98E0C /* Project object */ = {
			isa = PBXProject;
			attributes = {
				LastUpgradeCheck = 0810;
				ORGANIZATIONNAME = "Arasuvel Theerthapathy";
				TargetAttributes = {
					190D03B81DCC4E0D00C98E0C = {
						CreatedOnToolsVersion = 8.1;
						ProvisioningStyle = Automatic;
					};
				};
			};
			buildConfigurationList = 190D03B41DCC4E0D00C98E0C /* Build configuration list for PBXProject "LocalNotificationExampleiOS10" */;
			compatibilityVersion = "Xcode 3.2";
			developmentRegion = English;
			hasScannedForEncodings = 0;
			knownRegions = (
				en,
				Base,
			);
			mainGroup = 190D03B01DCC4E0D00C98E0C;
			productRefGroup = 190D03BA1DCC4E0D00C98E0C /* Products */;
			projectDirPath = "";
			projectRoot = "";
			targets = (
				190D03B81DCC4E0D00C98E0C /* LocalNotificationExampleiOS10 */,
			);
		};
/* End PBXProject section */

/* Begin PBXResourcesBuildPhase section */
		190D03B71DCC4E0D00C98E0C /* Resources */ = {
			isa = PBXResourcesBuildPhase;
			buildActionMask = 2147483647;
			files = (
				190D03E51DCC6EF800C98E0C /* Main.storyboard in Resources */,
				190D03E81DCC6F4A00C98E0C /* Assets.xcassets in Resources */,
				190D03E41DCC6EF800C98E0C /* LaunchScreen.storyboard in Resources */,
			);
			runOnlyForDeploymentPostprocessing = 0;
		};
/* End PBXResourcesBuildPhase section */

/* Begin PBXSourcesBuildPhase section */
		190D03B51DCC4E0D00C98E0C /* Sources */ = {
			isa = PBXSourcesBuildPhase;
			buildActionMask = 2147483647;
			files = (
				190D03E31DCC6EF800C98E0C /* AppDelegate.m in Sources */,
				190D03BE1DCC4E0D00C98E0C /* main.m in Sources */,
				190D03E61DCC6EF800C98E0C /* ViewController.m in Sources */,
			);
			runOnlyForDeploymentPostprocessing = 0;
		};
/* End PBXSourcesBuildPhase section */

/* Begin PBXVariantGroup section */
		190D03DC1DCC6EF800C98E0C /* LaunchScreen.storyboard */ = {
			isa = PBXVariantGroup;
			children = (
				190D03DD1DCC6EF800C98E0C /* Base */,
			);
			name = LaunchScreen.storyboard;
			sourceTree = "<group>";
		};
		190D03DE1DCC6EF800C98E0C /* Main.storyboard */ = {
			isa = PBXVariantGroup;
			children = (
				190D03DF1DCC6EF800C98E0C /* Base */,
			);
			name = Main.storyboard;
			sourceTree = "<group>";
		};
/* End PBXVariantGroup section */

/* Begin XCBuildConfiguration section */
		190D03CE1DCC4E0E00C98E0C /* Debug */ = {
			isa = XCBuildConfiguration;
			buildSettings = {
				ALWAYS_SEARCH_USER_PATHS = NO;
				CLANG_ANALYZER_NONNULL = YES;
				CLANG_CXX_LANGUAGE_STANDARD = "gnu++0x";
				CLANG_CXX_LIBRARY = "libc++";
				CLANG_ENABLE_MODULES = YES;
				CLANG_ENABLE_OBJC_ARC = YES;
				CLANG_WARN_BOOL_CONVERSION = YES;
				CLANG_WARN_CONSTANT_CONVERSION = YES;
				CLANG_WARN_DIRECT_OBJC_ISA_USAGE = YES_ERROR;
				CLANG_WARN_DOCUMENTATION_COMMENTS = YES;
				CLANG_WARN_EMPTY_BODY = YES;
				CLANG_WARN_ENUM_CONVERSION = YES;
				CLANG_WARN_INFINITE_RECURSION = YES;
				CLANG_WARN_INT_CONVERSION = YES;
				CLANG_WARN_OBJC_ROOT_CLASS = YES_ERROR;
				CLANG_WARN_SUSPICIOUS_MOVES = YES;
				CLANG_WARN_UNREACHABLE_CODE = YES;
				CLANG_WARN__DUPLICATE_METHOD_MATCH = YES;
				"CODE_SIGN_IDENTITY[sdk=iphoneos*]" = "iPhone Developer";
				COPY_PHASE_STRIP = NO;
				DEBUG_INFORMATION_FORMAT = dwarf;
				ENABLE_STRICT_OBJC_MSGSEND = YES;
				ENABLE_TESTABILITY = YES;
				GCC_C_LANGUAGE_STANDARD = gnu99;
				GCC_DYNAMIC_NO_PIC = NO;
				GCC_NO_COMMON_BLOCKS = YES;
				GCC_OPTIMIZATION_LEVEL = 0;
				GCC_PREPROCESSOR_DEFINITIONS = (
					"DEBUG=1",
					"$(inherited)",
				);
				GCC_WARN_64_TO_32_BIT_CONVERSION = YES;
				GCC_WARN_ABOUT_RETURN_TYPE = YES_ERROR;
				GCC_WARN_UNDECLARED_SELECTOR = YES;
				GCC_WARN_UNINITIALIZED_AUTOS = YES_AGGRESSIVE;
				GCC_WARN_UNUSED_FUNCTION = YES;
				GCC_WARN_UNUSED_VARIABLE = YES;
				IPHONEOS_DEPLOYMENT_TARGET = 10.1;
				MTL_ENABLE_DEBUG_INFO = YES;
				ONLY_ACTIVE_ARCH = YES;
				SDKROOT = iphoneos;
				TARGETED_DEVICE_FAMILY = "1,2";
			};
			name = Debug;
		};
		190D03CF1DCC4E0E00C98E0C /* Release */ = {
			isa = XCBuildConfiguration;
			buildSettings = {
				ALWAYS_SEARCH_USER_PATHS = NO;
				CLANG_ANALYZER_NONNULL = YES;
				CLANG_CXX_LANGUAGE_STANDARD = "gnu++0x";
				CLANG_CXX_LIBRARY = "libc++";
				CLANG_ENABLE_MODULES = YES;
				CLANG_ENABLE_OBJC_ARC = YES;
				CLANG_WARN_BOOL_CONVERSION = YES;
				CLANG_WARN_CONSTANT_CONVERSION = YES;
				CLANG_WARN_DIRECT_OBJC_ISA_USAGE = YES_ERROR;
				CLANG_WARN_DOCUMENTATION_COMMENTS = YES;
				CLANG_WARN_EMPTY_BODY = YES;
				CLANG_WARN_ENUM_CONVERSION = YES;
				CLANG_WARN_INFINITE_RECURSION = YES;
				CLANG_WARN_INT_CONVERSION = YES;
				CLANG_WARN_OBJC_ROOT_CLASS = YES_ERROR;
				CLANG_WARN_SUSPICIOUS_MOVES = YES;
				CLANG_WARN_UNREACHABLE_CODE = YES;
				CLANG_WARN__DUPLICATE_METHOD_MATCH = YES;
				"CODE_SIGN_IDENTITY[sdk=iphoneos*]" = "iPhone Developer";
				COPY_PHASE_STRIP = NO;
				DEBUG_INFORMATION_FORMAT = "dwarf-with-dsym";
				ENABLE_NS_ASSERTIONS = NO;
				ENABLE_STRICT_OBJC_MSGSEND = YES;
				GCC_C_LANGUAGE_STANDARD = gnu99;
				GCC_NO_COMMON_BLOCKS = YES;
				GCC_WARN_64_TO_32_BIT_CONVERSION = YES;
				GCC_WARN_ABOUT_RETURN_TYPE = YES_ERROR;
				GCC_WARN_UNDECLARED_SELECTOR = YES;
				GCC_WARN_UNINITIALIZED_AUTOS = YES_AGGRESSIVE;
				GCC_WARN_UNUSED_FUNCTION = YES;
				GCC_WARN_UNUSED_VARIABLE = YES;
				IPHONEOS_DEPLOYMENT_TARGET = 10.1;
				MTL_ENABLE_DEBUG_INFO = NO;
				SDKROOT = iphoneos;
				TARGETED_DEVICE_FAMILY = "1,2";
				VALIDATE_PRODUCT = YES;
			};
			name = Release;
		};
		190D03D11DCC4E0E00C98E0C /* Debug */ = {
			isa = XCBuildConfiguration;
			buildSettings = {
				ASSETCATALOG_COMPILER_APPICON_NAME = AppIcon;
				INFOPLIST_FILE = LocalNotificationExampleiOS10/Info.plist;
				LD_RUNPATH_SEARCH_PATHS = "$(inherited) @executable_path/Frameworks";
				PRODUCT_BUNDLE_IDENTIFIER = com.mallowtech.LocalNotificationExampleiOS10;
				PRODUCT_NAME = "$(TARGET_NAME)";
			};
			name = Debug;
		};
		190D03D21DCC4E0E00C98E0C /* Release */ = {
			isa = XCBuildConfiguration;
			buildSettings = {
				ASSETCATALOG_COMPILER_APPICON_NAME = AppIcon;
				INFOPLIST_FILE = LocalNotificationExampleiOS10/Info.plist;
				LD_RUNPATH_SEARCH_PATHS = "$(inherited) @executable_path/Frameworks";
				PRODUCT_BUNDLE_IDENTIFIER = com.mallowtech.LocalNotificationExampleiOS10;
				PRODUCT_NAME = "$(TARGET_NAME)";
			};
			name = Release;
		};
/* End XCBuildConfiguration section */

/* Begin XCConfigurationList section */
		190D03B41DCC4E0D00C98E0C /* Build configuration list for PBXProject "LocalNotificationExampleiOS10" */ = {
			isa = XCConfigurationList;
			buildConfigurations = (
				190D03CE1DCC4E0E00C98E0C /* Debug */,
				190D03CF1DCC4E0E00C98E0C /* Release */,
			);
			defaultConfigurationIsVisible = 0;
			defaultConfigurationName = Release;
		};
		190D03D01DCC4E0E00C98E0C /* Build configuration list for PBXNativeTarget "LocalNotificationExampleiOS10" */ = {
			isa = XCConfigurationList;
			buildConfigurations = (
				190D03D11DCC4E0E00C98E0C /* Debug */,
				190D03D21DCC4E0E00C98E0C /* Release */,
			);
			defaultConfigurationIsVisible = 0;
			defaultConfigurationName = Release;
		};
/* End XCConfigurationList section */
	};
	rootObject = 190D03B11DCC4E0D00C98E0C /* Project object */;
}
